// !$*UTF8*$!
{
	archiveVersion = 1;
	classes = {
	};
	objectVersion = 46;
	objects = {

/* Begin PBXBuildFile section */
		147A31291B2A28E4009705B5 /* AppDelegate.swift in Sources */ = {isa = PBXBuildFile; fileRef = 147A31281B2A28E4009705B5 /* AppDelegate.swift */; };
		147A312B1B2A28E4009705B5 /* ViewController.swift in Sources */ = {isa = PBXBuildFile; fileRef = 147A312A1B2A28E4009705B5 /* ViewController.swift */; };
		147A312E1B2A28E4009705B5 /* Main.storyboard in Resources */ = {isa = PBXBuildFile; fileRef = 147A312C1B2A28E4009705B5 /* Main.storyboard */; };
		147A31301B2A28E4009705B5 /* Images.xcassets in Resources */ = {isa = PBXBuildFile; fileRef = 147A312F1B2A28E4009705B5 /* Images.xcassets */; };
		147A31331B2A28E4009705B5 /* LaunchScreen.xib in Resources */ = {isa = PBXBuildFile; fileRef = 147A31311B2A28E4009705B5 /* LaunchScreen.xib */; };
		147A313F1B2A28E4009705B5 /* TapBPMTests.swift in Sources */ = {isa = PBXBuildFile; fileRef = 147A313E1B2A28E4009705B5 /* TapBPMTests.swift */; };
		5E539BD31B334A3E006A1896 /* UIColorExtension.swift in Sources */ = {isa = PBXBuildFile; fileRef = 5E539BD21B334A3E006A1896 /* UIColorExtension.swift */; };
		5E539BDB1B3359F9006A1896 /* WaterDrop.mp3 in Resources */ = {isa = PBXBuildFile; fileRef = 5E539BDA1B3359F9006A1896 /* WaterDrop.mp3 */; };
		5E539BDD1B345FBB006A1896 /* Pop.mp3 in Resources */ = {isa = PBXBuildFile; fileRef = 5E539BDC1B345FBB006A1896 /* Pop.mp3 */; };
/* End PBXBuildFile section */

/* Begin PBXContainerItemProxy section */
		147A31391B2A28E4009705B5 /* PBXContainerItemProxy */ = {
			isa = PBXContainerItemProxy;
			containerPortal = 147A311B1B2A28E4009705B5 /* Project object */;
			proxyType = 1;
			remoteGlobalIDString = 147A31221B2A28E4009705B5;
			remoteInfo = TapBPM;
		};
/* End PBXContainerItemProxy section */

/* Begin PBXFileReference section */
		147A31231B2A28E4009705B5 /* TapBPM.app */ = {isa = PBXFileReference; explicitFileType = wrapper.application; includeInIndex = 0; path = TapBPM.app; sourceTree = BUILT_PRODUCTS_DIR; };
		147A31271B2A28E4009705B5 /* Info.plist */ = {isa = PBXFileReference; lastKnownFileType = text.plist.xml; path = Info.plist; sourceTree = "<group>"; };
		147A31281B2A28E4009705B5 /* AppDelegate.swift */ = {isa = PBXFileReference; lastKnownFileType = sourcecode.swift; path = AppDelegate.swift; sourceTree = "<group>"; };
		147A312A1B2A28E4009705B5 /* ViewController.swift */ = {isa = PBXFileReference; lastKnownFileType = sourcecode.swift; path = ViewController.swift; sourceTree = "<group>"; };
		147A312D1B2A28E4009705B5 /* Base */ = {isa = PBXFileReference; lastKnownFileType = file.storyboard; name = Base; path = Base.lproj/Main.storyboard; sourceTree = "<group>"; };
		147A312F1B2A28E4009705B5 /* Images.xcassets */ = {isa = PBXFileReference; lastKnownFileType = folder.assetcatalog; path = Images.xcassets; sourceTree = "<group>"; };
		147A31321B2A28E4009705B5 /* Base */ = {isa = PBXFileReference; lastKnownFileType = file.xib; name = Base; path = Base.lproj/LaunchScreen.xib; sourceTree = "<group>"; };
		147A31381B2A28E4009705B5 /* TapBPMTests.xctest */ = {isa = PBXFileReference; explicitFileType = wrapper.cfbundle; includeInIndex = 0; path = TapBPMTests.xctest; sourceTree = BUILT_PRODUCTS_DIR; };
		147A313D1B2A28E4009705B5 /* Info.plist */ = {isa = PBXFileReference; lastKnownFileType = text.plist.xml; path = Info.plist; sourceTree = "<group>"; };
		147A313E1B2A28E4009705B5 /* TapBPMTests.swift */ = {isa = PBXFileReference; lastKnownFileType = sourcecode.swift; path = TapBPMTests.swift; sourceTree = "<group>"; };
		5E539BD21B334A3E006A1896 /* UIColorExtension.swift */ = {isa = PBXFileReference; fileEncoding = 4; lastKnownFileType = sourcecode.swift; path = UIColorExtension.swift; sourceTree = "<group>"; };
		5E539BDA1B3359F9006A1896 /* WaterDrop.mp3 */ = {isa = PBXFileReference; lastKnownFileType = audio.mp3; path = WaterDrop.mp3; sourceTree = "<group>"; };
		5E539BDC1B345FBB006A1896 /* Pop.mp3 */ = {isa = PBXFileReference; lastKnownFileType = audio.mp3; path = Pop.mp3; sourceTree = "<group>"; };
/* End PBXFileReference section */

/* Begin PBXFrameworksBuildPhase section */
		147A31201B2A28E4009705B5 /* Frameworks */ = {
			isa = PBXFrameworksBuildPhase;
			buildActionMask = 2147483647;
			files = (
			);
			runOnlyForDeploymentPostprocessing = 0;
		};
		147A31351B2A28E4009705B5 /* Frameworks */ = {
			isa = PBXFrameworksBuildPhase;
			buildActionMask = 2147483647;
			files = (
			);
			runOnlyForDeploymentPostprocessing = 0;
		};
/* End PBXFrameworksBuildPhase section */

/* Begin PBXGroup section */
		147A311A1B2A28E4009705B5 = {
			isa = PBXGroup;
			children = (
				147A31251B2A28E4009705B5 /* TapBPM */,
				147A313B1B2A28E4009705B5 /* TapBPMTests */,
				147A31241B2A28E4009705B5 /* Products */,
			);
			sourceTree = "<group>";
		};
		147A31241B2A28E4009705B5 /* Products */ = {
			isa = PBXGroup;
			children = (
				147A31231B2A28E4009705B5 /* TapBPM.app */,
				147A31381B2A28E4009705B5 /* TapBPMTests.xctest */,
			);
			name = Products;
			sourceTree = "<group>";
		};
		147A31251B2A28E4009705B5 /* TapBPM */ = {
			isa = PBXGroup;
			children = (
				5E539BDC1B345FBB006A1896 /* Pop.mp3 */,
				5E539BDA1B3359F9006A1896 /* WaterDrop.mp3 */,
				147A31281B2A28E4009705B5 /* AppDelegate.swift */,
				147A312A1B2A28E4009705B5 /* ViewController.swift */,
				5E539BD21B334A3E006A1896 /* UIColorExtension.swift */,
				147A312C1B2A28E4009705B5 /* Main.storyboard */,
				147A312F1B2A28E4009705B5 /* Images.xcassets */,
				147A31311B2A28E4009705B5 /* LaunchScreen.xib */,
				147A31261B2A28E4009705B5 /* Supporting Files */,
			);
			path = TapBPM;
			sourceTree = "<group>";
		};
		147A31261B2A28E4009705B5 /* Supporting Files */ = {
			isa = PBXGroup;
			children = (
				147A31271B2A28E4009705B5 /* Info.plist */,
			);
			name = "Supporting Files";
			sourceTree = "<group>";
		};
		147A313B1B2A28E4009705B5 /* TapBPMTests */ = {
			isa = PBXGroup;
			children = (
				147A313E1B2A28E4009705B5 /* TapBPMTests.swift */,
				147A313C1B2A28E4009705B5 /* Supporting Files */,
			);
			path = TapBPMTests;
			sourceTree = "<group>";
		};
		147A313C1B2A28E4009705B5 /* Supporting Files */ = {
			isa = PBXGroup;
			children = (
				147A313D1B2A28E4009705B5 /* Info.plist */,
			);
			name = "Supporting Files";
			sourceTree = "<group>";
		};
/* End PBXGroup section */

/* Begin PBXNativeTarget section */
		147A31221B2A28E4009705B5 /* TapBPM */ = {
			isa = PBXNativeTarget;
			buildConfigurationList = 147A31421B2A28E4009705B5 /* Build configuration list for PBXNativeTarget "TapBPM" */;
			buildPhases = (
				147A311F1B2A28E4009705B5 /* Sources */,
				147A31201B2A28E4009705B5 /* Frameworks */,
				147A31211B2A28E4009705B5 /* Resources */,
			);
			buildRules = (
			);
			dependencies = (
			);
			name = TapBPM;
			productName = TapBPM;
			productReference = 147A31231B2A28E4009705B5 /* TapBPM.app */;
			productType = "com.apple.product-type.application";
		};
		147A31371B2A28E4009705B5 /* TapBPMTests */ = {
			isa = PBXNativeTarget;
			buildConfigurationList = 147A31451B2A28E4009705B5 /* Build configuration list for PBXNativeTarget "TapBPMTests" */;
			buildPhases = (
				147A31341B2A28E4009705B5 /* Sources */,
				147A31351B2A28E4009705B5 /* Frameworks */,
				147A31361B2A28E4009705B5 /* Resources */,
			);
			buildRules = (
			);
			dependencies = (
				147A313A1B2A28E4009705B5 /* PBXTargetDependency */,
			);
			name = TapBPMTests;
			productName = TapBPMTests;
			productReference = 147A31381B2A28E4009705B5 /* TapBPMTests.xctest */;
			productType = "com.apple.product-type.bundle.unit-test";
		};
/* End PBXNativeTarget section */

/* Begin PBXProject section */
		147A311B1B2A28E4009705B5 /* Project object */ = {
			isa = PBXProject;
			attributes = {
				LastUpgradeCheck = 0630;
				ORGANIZATIONNAME = Boltmade;
				TargetAttributes = {
					147A31221B2A28E4009705B5 = {
						CreatedOnToolsVersion = 6.3.2;
					};
					147A31371B2A28E4009705B5 = {
						CreatedOnToolsVersion = 6.3.2;
						TestTargetID = 147A31221B2A28E4009705B5;
					};
				};
			};
			buildConfigurationList = 147A311E1B2A28E4009705B5 /* Build configuration list for PBXProject "TapBPM" */;
			compatibilityVersion = "Xcode 3.2";
			developmentRegion = English;
			hasScannedForEncodings = 0;
			knownRegions = (
				en,
				Base,
			);
			mainGroup = 147A311A1B2A28E4009705B5;
			productRefGroup = 147A31241B2A28E4009705B5 /* Products */;
			projectDirPath = "";
			projectRoot = "";
			targets = (
				147A31221B2A28E4009705B5 /* TapBPM */,
				147A31371B2A28E4009705B5 /* TapBPMTests */,
			);
		};
/* End PBXProject section */

/* Begin PBXResourcesBuildPhase section */
		147A31211B2A28E4009705B5 /* Resources */ = {
			isa = PBXResourcesBuildPhase;
			buildActionMask = 2147483647;
			files = (
				147A312E1B2A28E4009705B5 /* Main.storyboard in Resources */,
				147A31331B2A28E4009705B5 /* LaunchScreen.xib in Resources */,
				5E539BDD1B345FBB006A1896 /* Pop.mp3 in Resources */,
				5E539BDB1B3359F9006A1896 /* WaterDrop.mp3 in Resources */,
				147A31301B2A28E4009705B5 /* Images.xcassets in Resources */,
			);
			runOnlyForDeploymentPostprocessing = 0;
		};
		147A31361B2A28E4009705B5 /* Resources */ = {
			isa = PBXResourcesBuildPhase;
			buildActionMask = 2147483647;
			files = (
			);
			runOnlyForDeploymentPostprocessing = 0;
		};
/* End PBXResourcesBuildPhase section */

/* Begin PBXSourcesBuildPhase section */
		147A311F1B2A28E4009705B5 /* Sources */ = {
			isa = PBXSourcesBuildPhase;
			buildActionMask = 2147483647;
			files = (
				147A312B1B2A28E4009705B5 /* ViewController.swift in Sources */,
				147A31291B2A28E4009705B5 /* AppDelegate.swift in Sources */,
				5E539BD31B334A3E006A1896 /* UIColorExtension.swift in Sources */,
			);
			runOnlyForDeploymentPostprocessing = 0;
		};
		147A31341B2A28E4009705B5 /* Sources */ = {
			isa = PBXSourcesBuildPhase;
			buildActionMask = 2147483647;
			files = (
				147A313F1B2A28E4009705B5 /* TapBPMTests.swift in Sources */,
			);
			runOnlyForDeploymentPostprocessing = 0;
		};
/* End PBXSourcesBuildPhase section */

/* Begin PBXTargetDependency section */
		147A313A1B2A28E4009705B5 /* PBXTargetDependency */ = {
			isa = PBXTargetDependency;
			target = 147A31221B2A28E4009705B5 /* TapBPM */;
			targetProxy = 147A31391B2A28E4009705B5 /* PBXContainerItemProxy */;
		};
/* End PBXTargetDependency section */

/* Begin PBXVariantGroup section */
		147A312C1B2A28E4009705B5 /* Main.storyboard */ = {
			isa = PBXVariantGroup;
			children = (
				147A312D1B2A28E4009705B5 /* Base */,
			);
			name = Main.storyboard;
			sourceTree = "<group>";
		};
		147A31311B2A28E4009705B5 /* LaunchScreen.xib */ = {
			isa = PBXVariantGroup;
			children = (
				147A31321B2A28E4009705B5 /* Base */,
			);
			name = LaunchScreen.xib;
			sourceTree = "<group>";
		};
/* End PBXVariantGroup section */

/* Begin XCBuildConfiguration section */
		147A31401B2A28E4009705B5 /* Debug */ = {
			isa = XCBuildConfiguration;
			buildSettings = {
				ALWAYS_SEARCH_USER_PATHS = NO;
				CLANG_CXX_LANGUAGE_STANDARD = "gnu++0x";
				CLANG_CXX_LIBRARY = "libc++";
				CLANG_ENABLE_MODULES = YES;
				CLANG_ENABLE_OBJC_ARC = YES;
				CLANG_WARN_BOOL_CONVERSION = YES;
				CLANG_WARN_CONSTANT_CONVERSION = YES;
				CLANG_WARN_DIRECT_OBJC_ISA_USAGE = YES_ERROR;
				CLANG_WARN_EMPTY_BODY = YES;
				CLANG_WARN_ENUM_CONVERSION = YES;
				CLANG_WARN_INT_CONVERSION = YES;
				CLANG_WARN_OBJC_ROOT_CLASS = YES_ERROR;
				CLANG_WARN_UNREACHABLE_CODE = YES;
				CLANG_WARN__DUPLICATE_METHOD_MATCH = YES;
				"CODE_SIGN_IDENTITY[sdk=iphoneos*]" = "iPhone Developer";
				COPY_PHASE_STRIP = NO;
				DEBUG_INFORMATION_FORMAT = "dwarf-with-dsym";
				ENABLE_STRICT_OBJC_MSGSEND = YES;
				GCC_C_LANGUAGE_STANDARD = gnu99;
				GCC_DYNAMIC_NO_PIC = NO;
				GCC_NO_COMMON_BLOCKS = YES;
				GCC_OPTIMIZATION_LEVEL = 0;
				GCC_PREPROCESSOR_DEFINITIONS = (
					"DEBUG=1",
					"$(inherited)",
				);
				GCC_SYMBOLS_PRIVATE_EXTERN = NO;
				GCC_WARN_64_TO_32_BIT_CONVERSION = YES;
				GCC_WARN_ABOUT_RETURN_TYPE = YES_ERROR;
				GCC_WARN_UNDECLARED_SELECTOR = YES;
				GCC_WARN_UNINITIALIZED_AUTOS = YES_AGGRESSIVE;
				GCC_WARN_UNUSED_FUNCTION = YES;
				GCC_WARN_UNUSED_VARIABLE = YES;
				IPHONEOS_DEPLOYMENT_TARGET = 8.3;
				MTL_ENABLE_DEBUG_INFO = YES;
				ONLY_ACTIVE_ARCH = YES;
				SDKROOT = iphoneos;
				SWIFT_OPTIMIZATION_LEVEL = "-Onone";
				TARGETED_DEVICE_FAMILY = "1,2";
			};
			name = Debug;
		};
		147A31411B2A28E4009705B5 /* Release */ = {
			isa = XCBuildConfiguration;
			buildSettings = {
				ALWAYS_SEARCH_USER_PATHS = NO;
				CLANG_CXX_LANGUAGE_STANDARD = "gnu++0x";
				CLANG_CXX_LIBRARY = "libc++";
				CLANG_ENABLE_MODULES = YES;
				CLANG_ENABLE_OBJC_ARC = YES;
				CLANG_WARN_BOOL_CONVERSION = YES;
				CLANG_WARN_CONSTANT_CONVERSION = YES;
				CLANG_WARN_DIRECT_OBJC_ISA_USAGE = YES_ERROR;
				CLANG_WARN_EMPTY_BODY = YES;
				CLANG_WARN_ENUM_CONVERSION = YES;
				CLANG_WARN_INT_CONVERSION = YES;
				CLANG_WARN_OBJC_ROOT_CLASS = YES_ERROR;
				CLANG_WARN_UNREACHABLE_CODE = YES;
				CLANG_WARN__DUPLICATE_METHOD_MATCH = YES;
				"CODE_SIGN_IDENTITY[sdk=iphoneos*]" = "iPhone Developer";
				COPY_PHASE_STRIP = NO;
				DEBUG_INFORMATION_FORMAT = "dwarf-with-dsym";
				ENABLE_NS_ASSERTIONS = NO;
				ENABLE_STRICT_OBJC_MSGSEND = YES;
				GCC_C_LANGUAGE_STANDARD = gnu99;
				GCC_NO_COMMON_BLOCKS = YES;
				GCC_WARN_64_TO_32_BIT_CONVERSION = YES;
				GCC_WARN_ABOUT_RETURN_TYPE = YES_ERROR;
				GCC_WARN_UNDECLARED_SELECTOR = YES;
				GCC_WARN_UNINITIALIZED_AUTOS = YES_AGGRESSIVE;
				GCC_WARN_UNUSED_FUNCTION = YES;
				GCC_WARN_UNUSED_VARIABLE = YES;
				IPHONEOS_DEPLOYMENT_TARGET = 8.3;
				MTL_ENABLE_DEBUG_INFO = NO;
				SDKROOT = iphoneos;
				TARGETED_DEVICE_FAMILY = "1,2";
				VALIDATE_PRODUCT = YES;
			};
			name = Release;
		};
		147A31431B2A28E4009705B5 /* Debug */ = {
			isa = XCBuildConfiguration;
			buildSettings = {
				ASSETCATALOG_COMPILER_APPICON_NAME = AppIcon;
				INFOPLIST_FILE = TapBPM/Info.plist;
				LD_RUNPATH_SEARCH_PATHS = "$(inherited) @executable_path/Frameworks";
				PRODUCT_NAME = "$(TARGET_NAME)";
			};
			name = Debug;
		};
		147A31441B2A28E4009705B5 /* Release */ = {
			isa = XCBuildConfiguration;
			buildSettings = {
				ASSETCATALOG_COMPILER_APPICON_NAME = AppIcon;
				INFOPLIST_FILE = TapBPM/Info.plist;
				LD_RUNPATH_SEARCH_PATHS = "$(inherited) @executable_path/Frameworks";
				PRODUCT_NAME = "$(TARGET_NAME)";
			};
			name = Release;
		};
		147A31461B2A28E4009705B5 /* Debug */ = {
			isa = XCBuildConfiguration;
			buildSettings = {
				BUNDLE_LOADER = "$(TEST_HOST)";
				FRAMEWORK_SEARCH_PATHS = (
					"$(SDKROOT)/Developer/Library/Frameworks",
					"$(inherited)",
				);
				GCC_PREPROCESSOR_DEFINITIONS = (
					"DEBUG=1",
					"$(inherited)",
				);
				INFOPLIST_FILE = TapBPMTests/Info.plist;
				LD_RUNPATH_SEARCH_PATHS = "$(inherited) @executable_path/Frameworks @loader_path/Frameworks";
				PRODUCT_NAME = "$(TARGET_NAME)";
				TEST_HOST = "$(BUILT_PRODUCTS_DIR)/TapBPM.app/TapBPM";
			};
			name = Debug;
		};
		147A31471B2A28E4009705B5 /* Release */ = {
			isa = XCBuildConfiguration;
			buildSettings = {
				BUNDLE_LOADER = "$(TEST_HOST)";
				FRAMEWORK_SEARCH_PATHS = (
					"$(SDKROOT)/Developer/Library/Frameworks",
					"$(inherited)",
				);
				INFOPLIST_FILE = TapBPMTests/Info.plist;
				LD_RUNPATH_SEARCH_PATHS = "$(inherited) @executable_path/Frameworks @loader_path/Frameworks";
				PRODUCT_NAME = "$(TARGET_NAME)";
				TEST_HOST = "$(BUILT_PRODUCTS_DIR)/TapBPM.app/TapBPM";
			};
			name = Release;
		};
/* End XCBuildConfiguration section */

/* Begin XCConfigurationList section */
		147A311E1B2A28E4009705B5 /* Build configuration list for PBXProject "TapBPM" */ = {
			isa = XCConfigurationList;
			buildConfigurations = (
				147A31401B2A28E4009705B5 /* Debug */,
				147A31411B2A28E4009705B5 /* Release */,
			);
			defaultConfigurationIsVisible = 0;
			defaultConfigurationName = Release;
		};
		147A31421B2A28E4009705B5 /* Build configuration list for PBXNativeTarget "TapBPM" */ = {
			isa = XCConfigurationList;
			buildConfigurations = (
				147A31431B2A28E4009705B5 /* Debug */,
				147A31441B2A28E4009705B5 /* Release */,
			);
			defaultConfigurationIsVisible = 0;
			defaultConfigurationName = Release;
		};
		147A31451B2A28E4009705B5 /* Build configuration list for PBXNativeTarget "TapBPMTests" */ = {
			isa = XCConfigurationList;
			buildConfigurations = (
				147A31461B2A28E4009705B5 /* Debug */,
				147A31471B2A28E4009705B5 /* Release */,
			);
			defaultConfigurationIsVisible = 0;
			defaultConfigurationName = Release;
		};
/* End XCConfigurationList section */
	};
	rootObject = 147A311B1B2A28E4009705B5 /* Project object */;
}
